// !$*UTF8*$!
{
	archiveVersion = 1;
	classes = {
	};
	objectVersion = 50;
	objects = {

/* Begin PBXBuildFile section */
		59A48B632162601700694BBB /* Xmp.swift in Sources */ = {isa = PBXBuildFile; fileRef = 59A48B622162601700694BBB /* Xmp.swift */; };
		59A48B6521626BC200694BBB /* Exif.swift in Sources */ = {isa = PBXBuildFile; fileRef = 59A48B6421626BC200694BBB /* Exif.swift */; };
		59C1BCF621CA9E5A00DD4058 /* Continuable.swift in Sources */ = {isa = PBXBuildFile; fileRef = 59C1BCF521CA9E5A00DD4058 /* Continuable.swift */; };
		59C46313215F160C0076333D /* SwiftXMP.swift in Sources */ = {isa = PBXBuildFile; fileRef = 59C46312215F160C0076333D /* SwiftXMP.swift */; };
		59C4631521608C5D0076333D /* Result.swift in Sources */ = {isa = PBXBuildFile; fileRef = 59C4631421608C5D0076333D /* Result.swift */; };
		59D23487215F148900028BF1 /* AppDelegate.swift in Sources */ = {isa = PBXBuildFile; fileRef = 59D23486215F148900028BF1 /* AppDelegate.swift */; };
		59D23489215F148900028BF1 /* ViewController.swift in Sources */ = {isa = PBXBuildFile; fileRef = 59D23488215F148900028BF1 /* ViewController.swift */; };
		59D2348C215F148900028BF1 /* Main.storyboard in Resources */ = {isa = PBXBuildFile; fileRef = 59D2348A215F148900028BF1 /* Main.storyboard */; };
		59D2348E215F148B00028BF1 /* Assets.xcassets in Resources */ = {isa = PBXBuildFile; fileRef = 59D2348D215F148B00028BF1 /* Assets.xcassets */; };
		59D23491215F148B00028BF1 /* LaunchScreen.storyboard in Resources */ = {isa = PBXBuildFile; fileRef = 59D2348F215F148B00028BF1 /* LaunchScreen.storyboard */; };
		59D2349C215F148B00028BF1 /* DemoTests.swift in Sources */ = {isa = PBXBuildFile; fileRef = 59D2349B215F148B00028BF1 /* DemoTests.swift */; };
		59D234A7215F148B00028BF1 /* DemoUITests.swift in Sources */ = {isa = PBXBuildFile; fileRef = 59D234A6215F148B00028BF1 /* DemoUITests.swift */; };
/* End PBXBuildFile section */

/* Begin PBXContainerItemProxy section */
		59D23498215F148B00028BF1 /* PBXContainerItemProxy */ = {
			isa = PBXContainerItemProxy;
			containerPortal = 59D2347B215F148900028BF1 /* Project object */;
			proxyType = 1;
			remoteGlobalIDString = 59D23482215F148900028BF1;
			remoteInfo = Demo;
		};
		59D234A3215F148B00028BF1 /* PBXContainerItemProxy */ = {
			isa = PBXContainerItemProxy;
			containerPortal = 59D2347B215F148900028BF1 /* Project object */;
			proxyType = 1;
			remoteGlobalIDString = 59D23482215F148900028BF1;
			remoteInfo = Demo;
		};
/* End PBXContainerItemProxy section */

/* Begin PBXFileReference section */
		59A48B622162601700694BBB /* Xmp.swift */ = {isa = PBXFileReference; lastKnownFileType = sourcecode.swift; path = Xmp.swift; sourceTree = "<group>"; };
		59A48B6421626BC200694BBB /* Exif.swift */ = {isa = PBXFileReference; lastKnownFileType = sourcecode.swift; path = Exif.swift; sourceTree = "<group>"; };
		59C1BCF521CA9E5A00DD4058 /* Continuable.swift */ = {isa = PBXFileReference; lastKnownFileType = sourcecode.swift; path = Continuable.swift; sourceTree = "<group>"; };
		59C46309215F15610076333D /* SwiftXMP.h */ = {isa = PBXFileReference; fileEncoding = 4; lastKnownFileType = sourcecode.c.h; path = SwiftXMP.h; sourceTree = "<group>"; };
		59C46312215F160C0076333D /* SwiftXMP.swift */ = {isa = PBXFileReference; fileEncoding = 4; lastKnownFileType = sourcecode.swift; path = SwiftXMP.swift; sourceTree = "<group>"; };
		59C4631421608C5D0076333D /* Result.swift */ = {isa = PBXFileReference; lastKnownFileType = sourcecode.swift; path = Result.swift; sourceTree = "<group>"; };
		59D23483215F148900028BF1 /* Demo.app */ = {isa = PBXFileReference; explicitFileType = wrapper.application; includeInIndex = 0; path = Demo.app; sourceTree = BUILT_PRODUCTS_DIR; };
		59D23486215F148900028BF1 /* AppDelegate.swift */ = {isa = PBXFileReference; lastKnownFileType = sourcecode.swift; path = AppDelegate.swift; sourceTree = "<group>"; };
		59D23488215F148900028BF1 /* ViewController.swift */ = {isa = PBXFileReference; lastKnownFileType = sourcecode.swift; path = ViewController.swift; sourceTree = "<group>"; };
		59D2348B215F148900028BF1 /* Base */ = {isa = PBXFileReference; lastKnownFileType = file.storyboard; name = Base; path = Base.lproj/Main.storyboard; sourceTree = "<group>"; };
		59D2348D215F148B00028BF1 /* Assets.xcassets */ = {isa = PBXFileReference; lastKnownFileType = folder.assetcatalog; path = Assets.xcassets; sourceTree = "<group>"; };
		59D23490215F148B00028BF1 /* Base */ = {isa = PBXFileReference; lastKnownFileType = file.storyboard; name = Base; path = Base.lproj/LaunchScreen.storyboard; sourceTree = "<group>"; };
		59D23492215F148B00028BF1 /* Info.plist */ = {isa = PBXFileReference; lastKnownFileType = text.plist.xml; path = Info.plist; sourceTree = "<group>"; };
		59D23497215F148B00028BF1 /* DemoTests.xctest */ = {isa = PBXFileReference; explicitFileType = wrapper.cfbundle; includeInIndex = 0; path = DemoTests.xctest; sourceTree = BUILT_PRODUCTS_DIR; };
		59D2349B215F148B00028BF1 /* DemoTests.swift */ = {isa = PBXFileReference; lastKnownFileType = sourcecode.swift; path = DemoTests.swift; sourceTree = "<group>"; };
		59D2349D215F148B00028BF1 /* Info.plist */ = {isa = PBXFileReference; lastKnownFileType = text.plist.xml; path = Info.plist; sourceTree = "<group>"; };
		59D234A2215F148B00028BF1 /* DemoUITests.xctest */ = {isa = PBXFileReference; explicitFileType = wrapper.cfbundle; includeInIndex = 0; path = DemoUITests.xctest; sourceTree = BUILT_PRODUCTS_DIR; };
		59D234A6215F148B00028BF1 /* DemoUITests.swift */ = {isa = PBXFileReference; lastKnownFileType = sourcecode.swift; path = DemoUITests.swift; sourceTree = "<group>"; };
		59D234A8215F148B00028BF1 /* Info.plist */ = {isa = PBXFileReference; lastKnownFileType = text.plist.xml; path = Info.plist; sourceTree = "<group>"; };
/* End PBXFileReference section */

/* Begin PBXFrameworksBuildPhase section */
		59D23480215F148900028BF1 /* Frameworks */ = {
			isa = PBXFrameworksBuildPhase;
			buildActionMask = 2147483647;
			files = (
			);
			runOnlyForDeploymentPostprocessing = 0;
		};
		59D23494215F148B00028BF1 /* Frameworks */ = {
			isa = PBXFrameworksBuildPhase;
			buildActionMask = 2147483647;
			files = (
			);
			runOnlyForDeploymentPostprocessing = 0;
		};
		59D2349F215F148B00028BF1 /* Frameworks */ = {
			isa = PBXFrameworksBuildPhase;
			buildActionMask = 2147483647;
			files = (
			);
			runOnlyForDeploymentPostprocessing = 0;
		};
/* End PBXFrameworksBuildPhase section */

/* Begin PBXGroup section */
		59C46308215F15610076333D /* SwiftXMP */ = {
			isa = PBXGroup;
			children = (
				59C46309215F15610076333D /* SwiftXMP.h */,
				59C46312215F160C0076333D /* SwiftXMP.swift */,
				59C4631421608C5D0076333D /* Result.swift */,
				59C1BCF521CA9E5A00DD4058 /* Continuable.swift */,
			);
			name = SwiftXMP;
			path = ../SwiftXMP;
			sourceTree = "<group>";
		};
		59D2347A215F148900028BF1 = {
			isa = PBXGroup;
			children = (
				59C46308215F15610076333D /* SwiftXMP */,
				59D23485215F148900028BF1 /* Demo */,
				59D2349A215F148B00028BF1 /* DemoTests */,
				59D234A5215F148B00028BF1 /* DemoUITests */,
				59D23484215F148900028BF1 /* Products */,
			);
			sourceTree = "<group>";
		};
		59D23484215F148900028BF1 /* Products */ = {
			isa = PBXGroup;
			children = (
				59D23483215F148900028BF1 /* Demo.app */,
				59D23497215F148B00028BF1 /* DemoTests.xctest */,
				59D234A2215F148B00028BF1 /* DemoUITests.xctest */,
			);
			name = Products;
			sourceTree = "<group>";
		};
		59D23485215F148900028BF1 /* Demo */ = {
			isa = PBXGroup;
			children = (
				59D23486215F148900028BF1 /* AppDelegate.swift */,
				59D23488215F148900028BF1 /* ViewController.swift */,
				59A48B622162601700694BBB /* Xmp.swift */,
				59A48B6421626BC200694BBB /* Exif.swift */,
				59D2348A215F148900028BF1 /* Main.storyboard */,
				59D2348D215F148B00028BF1 /* Assets.xcassets */,
				59D2348F215F148B00028BF1 /* LaunchScreen.storyboard */,
				59D23492215F148B00028BF1 /* Info.plist */,
			);
			path = Demo;
			sourceTree = "<group>";
		};
		59D2349A215F148B00028BF1 /* DemoTests */ = {
			isa = PBXGroup;
			children = (
				59D2349B215F148B00028BF1 /* DemoTests.swift */,
				59D2349D215F148B00028BF1 /* Info.plist */,
			);
			path = DemoTests;
			sourceTree = "<group>";
		};
		59D234A5215F148B00028BF1 /* DemoUITests */ = {
			isa = PBXGroup;
			children = (
				59D234A6215F148B00028BF1 /* DemoUITests.swift */,
				59D234A8215F148B00028BF1 /* Info.plist */,
			);
			path = DemoUITests;
			sourceTree = "<group>";
		};
/* End PBXGroup section */

/* Begin PBXNativeTarget section */
		59D23482215F148900028BF1 /* Demo */ = {
			isa = PBXNativeTarget;
			buildConfigurationList = 59D234AB215F148B00028BF1 /* Build configuration list for PBXNativeTarget "Demo" */;
			buildPhases = (
				59D2347F215F148900028BF1 /* Sources */,
				59D23480215F148900028BF1 /* Frameworks */,
				59D23481215F148900028BF1 /* Resources */,
			);
			buildRules = (
			);
			dependencies = (
			);
			name = Demo;
			productName = Demo;
			productReference = 59D23483215F148900028BF1 /* Demo.app */;
			productType = "com.apple.product-type.application";
		};
		59D23496215F148B00028BF1 /* DemoTests */ = {
			isa = PBXNativeTarget;
			buildConfigurationList = 59D234AE215F148B00028BF1 /* Build configuration list for PBXNativeTarget "DemoTests" */;
			buildPhases = (
				59D23493215F148B00028BF1 /* Sources */,
				59D23494215F148B00028BF1 /* Frameworks */,
				59D23495215F148B00028BF1 /* Resources */,
			);
			buildRules = (
			);
			dependencies = (
				59D23499215F148B00028BF1 /* PBXTargetDependency */,
			);
			name = DemoTests;
			productName = DemoTests;
			productReference = 59D23497215F148B00028BF1 /* DemoTests.xctest */;
			productType = "com.apple.product-type.bundle.unit-test";
		};
		59D234A1215F148B00028BF1 /* DemoUITests */ = {
			isa = PBXNativeTarget;
			buildConfigurationList = 59D234B1215F148B00028BF1 /* Build configuration list for PBXNativeTarget "DemoUITests" */;
			buildPhases = (
				59D2349E215F148B00028BF1 /* Sources */,
				59D2349F215F148B00028BF1 /* Frameworks */,
				59D234A0215F148B00028BF1 /* Resources */,
			);
			buildRules = (
			);
			dependencies = (
				59D234A4215F148B00028BF1 /* PBXTargetDependency */,
			);
			name = DemoUITests;
			productName = DemoUITests;
			productReference = 59D234A2215F148B00028BF1 /* DemoUITests.xctest */;
			productType = "com.apple.product-type.bundle.ui-testing";
		};
/* End PBXNativeTarget section */

/* Begin PBXProject section */
		59D2347B215F148900028BF1 /* Project object */ = {
			isa = PBXProject;
			attributes = {
				LastSwiftUpdateCheck = 0940;
				LastUpgradeCheck = 0940;
				ORGANIZATIONNAME = "takahiro yoshikawa";
				TargetAttributes = {
					59D23482215F148900028BF1 = {
						CreatedOnToolsVersion = 9.4;
					};
					59D23496215F148B00028BF1 = {
						CreatedOnToolsVersion = 9.4;
						TestTargetID = 59D23482215F148900028BF1;
					};
					59D234A1215F148B00028BF1 = {
						CreatedOnToolsVersion = 9.4;
						TestTargetID = 59D23482215F148900028BF1;
					};
				};
			};
			buildConfigurationList = 59D2347E215F148900028BF1 /* Build configuration list for PBXProject "Demo" */;
			compatibilityVersion = "Xcode 9.3";
			developmentRegion = en;
			hasScannedForEncodings = 0;
			knownRegions = (
				en,
				Base,
			);
			mainGroup = 59D2347A215F148900028BF1;
			productRefGroup = 59D23484215F148900028BF1 /* Products */;
			projectDirPath = "";
			projectRoot = "";
			targets = (
				59D23482215F148900028BF1 /* Demo */,
				59D23496215F148B00028BF1 /* DemoTests */,
				59D234A1215F148B00028BF1 /* DemoUITests */,
			);
		};
/* End PBXProject section */

/* Begin PBXResourcesBuildPhase section */
		59D23481215F148900028BF1 /* Resources */ = {
			isa = PBXResourcesBuildPhase;
			buildActionMask = 2147483647;
			files = (
				59D23491215F148B00028BF1 /* LaunchScreen.storyboard in Resources */,
				59D2348E215F148B00028BF1 /* Assets.xcassets in Resources */,
				59D2348C215F148900028BF1 /* Main.storyboard in Resources */,
			);
			runOnlyForDeploymentPostprocessing = 0;
		};
		59D23495215F148B00028BF1 /* Resources */ = {
			isa = PBXResourcesBuildPhase;
			buildActionMask = 2147483647;
			files = (
			);
			runOnlyForDeploymentPostprocessing = 0;
		};
		59D234A0215F148B00028BF1 /* Resources */ = {
			isa = PBXResourcesBuildPhase;
			buildActionMask = 2147483647;
			files = (
			);
			runOnlyForDeploymentPostprocessing = 0;
		};
/* End PBXResourcesBuildPhase section */

/* Begin PBXSourcesBuildPhase section */
		59D2347F215F148900028BF1 /* Sources */ = {
			isa = PBXSourcesBuildPhase;
			buildActionMask = 2147483647;
			files = (
				59C1BCF621CA9E5A00DD4058 /* Continuable.swift in Sources */,
				59D23489215F148900028BF1 /* ViewController.swift in Sources */,
				59A48B6521626BC200694BBB /* Exif.swift in Sources */,
				59C46313215F160C0076333D /* SwiftXMP.swift in Sources */,
				59C4631521608C5D0076333D /* Result.swift in Sources */,
				59D23487215F148900028BF1 /* AppDelegate.swift in Sources */,
				59A48B632162601700694BBB /* Xmp.swift in Sources */,
			);
			runOnlyForDeploymentPostprocessing = 0;
		};
		59D23493215F148B00028BF1 /* Sources */ = {
			isa = PBXSourcesBuildPhase;
			buildActionMask = 2147483647;
			files = (
				59D2349C215F148B00028BF1 /* DemoTests.swift in Sources */,
			);
			runOnlyForDeploymentPostprocessing = 0;
		};
		59D2349E215F148B00028BF1 /* Sources */ = {
			isa = PBXSourcesBuildPhase;
			buildActionMask = 2147483647;
			files = (
				59D234A7215F148B00028BF1 /* DemoUITests.swift in Sources */,
			);
			runOnlyForDeploymentPostprocessing = 0;
		};
/* End PBXSourcesBuildPhase section */

/* Begin PBXTargetDependency section */
		59D23499215F148B00028BF1 /* PBXTargetDependency */ = {
			isa = PBXTargetDependency;
			target = 59D23482215F148900028BF1 /* Demo */;
			targetProxy = 59D23498215F148B00028BF1 /* PBXContainerItemProxy */;
		};
		59D234A4215F148B00028BF1 /* PBXTargetDependency */ = {
			isa = PBXTargetDependency;
			target = 59D23482215F148900028BF1 /* Demo */;
			targetProxy = 59D234A3215F148B00028BF1 /* PBXContainerItemProxy */;
		};
/* End PBXTargetDependency section */

/* Begin PBXVariantGroup section */
		59D2348A215F148900028BF1 /* Main.storyboard */ = {
			isa = PBXVariantGroup;
			children = (
				59D2348B215F148900028BF1 /* Base */,
			);
			name = Main.storyboard;
			sourceTree = "<group>";
		};
		59D2348F215F148B00028BF1 /* LaunchScreen.storyboard */ = {
			isa = PBXVariantGroup;
			children = (
				59D23490215F148B00028BF1 /* Base */,
			);
			name = LaunchScreen.storyboard;
			sourceTree = "<group>";
		};
/* End PBXVariantGroup section */

/* Begin XCBuildConfiguration section */
		59D234A9215F148B00028BF1 /* Debug */ = {
			isa = XCBuildConfiguration;
			buildSettings = {
				ALWAYS_SEARCH_USER_PATHS = NO;
				CLANG_ANALYZER_NONNULL = YES;
				CLANG_ANALYZER_NUMBER_OBJECT_CONVERSION = YES_AGGRESSIVE;
				CLANG_CXX_LANGUAGE_STANDARD = "gnu++14";
				CLANG_CXX_LIBRARY = "libc++";
				CLANG_ENABLE_MODULES = YES;
				CLANG_ENABLE_OBJC_ARC = YES;
				CLANG_ENABLE_OBJC_WEAK = YES;
				CLANG_WARN_BLOCK_CAPTURE_AUTORELEASING = YES;
				CLANG_WARN_BOOL_CONVERSION = YES;
				CLANG_WARN_COMMA = YES;
				CLANG_WARN_CONSTANT_CONVERSION = YES;
				CLANG_WARN_DEPRECATED_OBJC_IMPLEMENTATIONS = YES;
				CLANG_WARN_DIRECT_OBJC_ISA_USAGE = YES_ERROR;
				CLANG_WARN_DOCUMENTATION_COMMENTS = YES;
				CLANG_WARN_EMPTY_BODY = YES;
				CLANG_WARN_ENUM_CONVERSION = YES;
				CLANG_WARN_INFINITE_RECURSION = YES;
				CLANG_WARN_INT_CONVERSION = YES;
				CLANG_WARN_NON_LITERAL_NULL_CONVERSION = YES;
				CLANG_WARN_OBJC_IMPLICIT_RETAIN_SELF = YES;
				CLANG_WARN_OBJC_LITERAL_CONVERSION = YES;
				CLANG_WARN_OBJC_ROOT_CLASS = YES_ERROR;
				CLANG_WARN_RANGE_LOOP_ANALYSIS = YES;
				CLANG_WARN_STRICT_PROTOTYPES = YES;
				CLANG_WARN_SUSPICIOUS_MOVE = YES;
				CLANG_WARN_UNGUARDED_AVAILABILITY = YES_AGGRESSIVE;
				CLANG_WARN_UNREACHABLE_CODE = YES;
				CLANG_WARN__DUPLICATE_METHOD_MATCH = YES;
				CODE_SIGN_IDENTITY = "iPhone Developer";
				COPY_PHASE_STRIP = NO;
				DEBUG_INFORMATION_FORMAT = dwarf;
				ENABLE_STRICT_OBJC_MSGSEND = YES;
				ENABLE_TESTABILITY = YES;
				GCC_C_LANGUAGE_STANDARD = gnu11;
				GCC_DYNAMIC_NO_PIC = NO;
				GCC_NO_COMMON_BLOCKS = YES;
				GCC_OPTIMIZATION_LEVEL = 0;
				GCC_PREPROCESSOR_DEFINITIONS = (
					"DEBUG=1",
					"$(inherited)",
				);
				GCC_WARN_64_TO_32_BIT_CONVERSION = YES;
				GCC_WARN_ABOUT_RETURN_TYPE = YES_ERROR;
				GCC_WARN_UNDECLARED_SELECTOR = YES;
				GCC_WARN_UNINITIALIZED_AUTOS = YES_AGGRESSIVE;
				GCC_WARN_UNUSED_FUNCTION = YES;
				GCC_WARN_UNUSED_VARIABLE = YES;
				IPHONEOS_DEPLOYMENT_TARGET = 11.4;
				MTL_ENABLE_DEBUG_INFO = YES;
				ONLY_ACTIVE_ARCH = YES;
				SDKROOT = iphoneos;
				SWIFT_ACTIVE_COMPILATION_CONDITIONS = DEBUG;
				SWIFT_OPTIMIZATION_LEVEL = "-Onone";
			};
			name = Debug;
		};
		59D234AA215F148B00028BF1 /* Release */ = {
			isa = XCBuildConfiguration;
			buildSettings = {
				ALWAYS_SEARCH_USER_PATHS = NO;
				CLANG_ANALYZER_NONNULL = YES;
				CLANG_ANALYZER_NUMBER_OBJECT_CONVERSION = YES_AGGRESSIVE;
				CLANG_CXX_LANGUAGE_STANDARD = "gnu++14";
				CLANG_CXX_LIBRARY = "libc++";
				CLANG_ENABLE_MODULES = YES;
				CLANG_ENABLE_OBJC_ARC = YES;
				CLANG_ENABLE_OBJC_WEAK = YES;
				CLANG_WARN_BLOCK_CAPTURE_AUTORELEASING = YES;
				CLANG_WARN_BOOL_CONVERSION = YES;
				CLANG_WARN_COMMA = YES;
				CLANG_WARN_CONSTANT_CONVERSION = YES;
				CLANG_WARN_DEPRECATED_OBJC_IMPLEMENTATIONS = YES;
				CLANG_WARN_DIRECT_OBJC_ISA_USAGE = YES_ERROR;
				CLANG_WARN_DOCUMENTATION_COMMENTS = YES;
				CLANG_WARN_EMPTY_BODY = YES;
				CLANG_WARN_ENUM_CONVERSION = YES;
				CLANG_WARN_INFINITE_RECURSION = YES;
				CLANG_WARN_INT_CONVERSION = YES;
				CLANG_WARN_NON_LITERAL_NULL_CONVERSION = YES;
				CLANG_WARN_OBJC_IMPLICIT_RETAIN_SELF = YES;
				CLANG_WARN_OBJC_LITERAL_CONVERSION = YES;
				CLANG_WARN_OBJC_ROOT_CLASS = YES_ERROR;
				CLANG_WARN_RANGE_LOOP_ANALYSIS = YES;
				CLANG_WARN_STRICT_PROTOTYPES = YES;
				CLANG_WARN_SUSPICIOUS_MOVE = YES;
				CLANG_WARN_UNGUARDED_AVAILABILITY = YES_AGGRESSIVE;
				CLANG_WARN_UNREACHABLE_CODE = YES;
				CLANG_WARN__DUPLICATE_METHOD_MATCH = YES;
				CODE_SIGN_IDENTITY = "iPhone Developer";
				COPY_PHASE_STRIP = NO;
				DEBUG_INFORMATION_FORMAT = "dwarf-with-dsym";
				ENABLE_NS_ASSERTIONS = NO;
				ENABLE_STRICT_OBJC_MSGSEND = YES;
				GCC_C_LANGUAGE_STANDARD = gnu11;
				GCC_NO_COMMON_BLOCKS = YES;
				GCC_WARN_64_TO_32_BIT_CONVERSION = YES;
				GCC_WARN_ABOUT_RETURN_TYPE = YES_ERROR;
				GCC_WARN_UNDECLARED_SELECTOR = YES;
				GCC_WARN_UNINITIALIZED_AUTOS = YES_AGGRESSIVE;
				GCC_WARN_UNUSED_FUNCTION = YES;
				GCC_WARN_UNUSED_VARIABLE = YES;
				IPHONEOS_DEPLOYMENT_TARGET = 11.4;
				MTL_ENABLE_DEBUG_INFO = NO;
				SDKROOT = iphoneos;
				SWIFT_COMPILATION_MODE = wholemodule;
				SWIFT_OPTIMIZATION_LEVEL = "-O";
				VALIDATE_PRODUCT = YES;
			};
			name = Release;
		};
		59D234AC215F148B00028BF1 /* Debug */ = {
			isa = XCBuildConfiguration;
			buildSettings = {
				ASSETCATALOG_COMPILER_APPICON_NAME = AppIcon;
				CODE_SIGN_STYLE = Automatic;
				DEVELOPMENT_TEAM = LC262FF5YU;
				INFOPLIST_FILE = Demo/Info.plist;
				LD_RUNPATH_SEARCH_PATHS = (
					"$(inherited)",
					"@executable_path/Frameworks",
				);
				PRODUCT_BUNDLE_IDENTIFIER = com.aihasayahukoma7.Demo;
				PRODUCT_NAME = "$(TARGET_NAME)";
				SWIFT_VERSION = 4.0;
				TARGETED_DEVICE_FAMILY = "1,2";
			};
			name = Debug;
		};
		59D234AD215F148B00028BF1 /* Release */ = {
			isa = XCBuildConfiguration;
			buildSettings = {
				ASSETCATALOG_COMPILER_APPICON_NAME = AppIcon;
				CODE_SIGN_STYLE = Automatic;
				DEVELOPMENT_TEAM = LC262FF5YU;
				INFOPLIST_FILE = Demo/Info.plist;
				LD_RUNPATH_SEARCH_PATHS = (
					"$(inherited)",
					"@executable_path/Frameworks",
				);
				PRODUCT_BUNDLE_IDENTIFIER = com.aihasayahukoma7.Demo;
				PRODUCT_NAME = "$(TARGET_NAME)";
				SWIFT_VERSION = 4.0;
				TARGETED_DEVICE_FAMILY = "1,2";
			};
			name = Release;
		};
		59D234AF215F148B00028BF1 /* Debug */ = {
			isa = XCBuildConfiguration;
			buildSettings = {
				ALWAYS_EMBED_SWIFT_STANDARD_LIBRARIES = YES;
				BUNDLE_LOADER = "$(TEST_HOST)";
				CODE_SIGN_STYLE = Automatic;
				DEVELOPMENT_TEAM = LC262FF5YU;
				INFOPLIST_FILE = DemoTests/Info.plist;
				LD_RUNPATH_SEARCH_PATHS = (
					"$(inherited)",
					"@executable_path/Frameworks",
					"@loader_path/Frameworks",
				);
				PRODUCT_BUNDLE_IDENTIFIER = com.aihasayahukoma7.DemoTests;
				PRODUCT_NAME = "$(TARGET_NAME)";
				SWIFT_VERSION = 4.0;
				TARGETED_DEVICE_FAMILY = "1,2";
				TEST_HOST = "$(BUILT_PRODUCTS_DIR)/Demo.app/Demo";
			};
			name = Debug;
		};
		59D234B0215F148B00028BF1 /* Release */ = {
			isa = XCBuildConfiguration;
			buildSettings = {
				ALWAYS_EMBED_SWIFT_STANDARD_LIBRARIES = YES;
				BUNDLE_LOADER = "$(TEST_HOST)";
				CODE_SIGN_STYLE = Automatic;
				DEVELOPMENT_TEAM = LC262FF5YU;
				INFOPLIST_FILE = DemoTests/Info.plist;
				LD_RUNPATH_SEARCH_PATHS = (
					"$(inherited)",
					"@executable_path/Frameworks",
					"@loader_path/Frameworks",
				);
				PRODUCT_BUNDLE_IDENTIFIER = com.aihasayahukoma7.DemoTests;
				PRODUCT_NAME = "$(TARGET_NAME)";
				SWIFT_VERSION = 4.0;
				TARGETED_DEVICE_FAMILY = "1,2";
				TEST_HOST = "$(BUILT_PRODUCTS_DIR)/Demo.app/Demo";
			};
			name = Release;
		};
		59D234B2215F148B00028BF1 /* Debug */ = {
			isa = XCBuildConfiguration;
			buildSettings = {
				ALWAYS_EMBED_SWIFT_STANDARD_LIBRARIES = YES;
				CODE_SIGN_STYLE = Automatic;
				DEVELOPMENT_TEAM = LC262FF5YU;
				INFOPLIST_FILE = DemoUITests/Info.plist;
				LD_RUNPATH_SEARCH_PATHS = (
					"$(inherited)",
					"@executable_path/Frameworks",
					"@loader_path/Frameworks",
				);
				PRODUCT_BUNDLE_IDENTIFIER = com.aihasayahukoma7.DemoUITests;
				PRODUCT_NAME = "$(TARGET_NAME)";
				SWIFT_VERSION = 4.0;
				TARGETED_DEVICE_FAMILY = "1,2";
				TEST_TARGET_NAME = Demo;
			};
			name = Debug;
		};
		59D234B3215F148B00028BF1 /* Release */ = {
			isa = XCBuildConfiguration;
			buildSettings = {
				ALWAYS_EMBED_SWIFT_STANDARD_LIBRARIES = YES;
				CODE_SIGN_STYLE = Automatic;
				DEVELOPMENT_TEAM = LC262FF5YU;
				INFOPLIST_FILE = DemoUITests/Info.plist;
				LD_RUNPATH_SEARCH_PATHS = (
					"$(inherited)",
					"@executable_path/Frameworks",
					"@loader_path/Frameworks",
				);
				PRODUCT_BUNDLE_IDENTIFIER = com.aihasayahukoma7.DemoUITests;
				PRODUCT_NAME = "$(TARGET_NAME)";
				SWIFT_VERSION = 4.0;
				TARGETED_DEVICE_FAMILY = "1,2";
				TEST_TARGET_NAME = Demo;
			};
			name = Release;
		};
/* End XCBuildConfiguration section */

/* Begin XCConfigurationList section */
		59D2347E215F148900028BF1 /* Build configuration list for PBXProject "Demo" */ = {
			isa = XCConfigurationList;
			buildConfigurations = (
				59D234A9215F148B00028BF1 /* Debug */,
				59D234AA215F148B00028BF1 /* Release */,
			);
			defaultConfigurationIsVisible = 0;
			defaultConfigurationName = Release;
		};
		59D234AB215F148B00028BF1 /* Build configuration list for PBXNativeTarget "Demo" */ = {
			isa = XCConfigurationList;
			buildConfigurations = (
				59D234AC215F148B00028BF1 /* Debug */,
				59D234AD215F148B00028BF1 /* Release */,
			);
			defaultConfigurationIsVisible = 0;
			defaultConfigurationName = Release;
		};
		59D234AE215F148B00028BF1 /* Build configuration list for PBXNativeTarget "DemoTests" */ = {
			isa = XCConfigurationList;
			buildConfigurations = (
				59D234AF215F148B00028BF1 /* Debug */,
				59D234B0215F148B00028BF1 /* Release */,
			);
			defaultConfigurationIsVisible = 0;
			defaultConfigurationName = Release;
		};
		59D234B1215F148B00028BF1 /* Build configuration list for PBXNativeTarget "DemoUITests" */ = {
			isa = XCConfigurationList;
			buildConfigurations = (
				59D234B2215F148B00028BF1 /* Debug */,
				59D234B3215F148B00028BF1 /* Release */,
			);
			defaultConfigurationIsVisible = 0;
			defaultConfigurationName = Release;
		};
/* End XCConfigurationList section */
	};
	rootObject = 59D2347B215F148900028BF1 /* Project object */;
}
